<?xml version="1.0" encoding="utf-8"?>
<Project ToolsVersion="4.0" xmlns="http://schemas.microsoft.com/developer/msbuild/2003">
  <ItemGroup>
    <Filter Include="src">
      <UniqueIdentifier>{4FC737F1-C7A5-4376-A066-2A32D752A2FF}</UniqueIdentifier>
      <Extensions>cpp;c;cc;cxx;def;odl;idl;hpj;bat;asm;asmx</Extensions>
    </Filter>
    <Filter Include="include">
      <UniqueIdentifier>{93995380-89BD-4b04-88EB-625FBE52EBFB}</UniqueIdentifier>
      <Extensions>h;hpp;hxx;hm;inl;inc;xsd</Extensions>
    </Filter>
    <Filter Include="main">
      <UniqueIdentifier>{b247394d-0bb6-463d-84c0-288742b0194b}</UniqueIdentifier>
    </Filter>
  </ItemGroup>
  <ItemGroup>
    <ClCompile Include="..\..\..\src\airplay\AirplayServer.cpp">
      <Filter>src</Filter>
    </ClCompile>
    <ClCompile Include="..\..\..\src\airplay\DllLibPlist.cpp">
      <Filter>src</Filter>
    </ClCompile>
    <ClCompile Include="..\..\..\src\airplay\HttpParser.cpp">
      <Filter>src</Filter>
    </ClCompile>
    <ClCompile Include="..\..\..\src\airplay\Lock.cpp">
      <Filter>src</Filter>
    </ClCompile>
    <ClCompile Include="..\..\..\src\airplay\Md5.cpp">
      <Filter>src</Filter>
    </ClCompile>
    <ClCompile Include="..\..\..\src\airplay\ZeroconfWin.cpp">
      <Filter>src</Filter>
    </ClCompile>
    <ClCompile Include="..\..\..\src\airplay\AppMain.cpp">
      <Filter>main</Filter>
    </ClCompile>
  </ItemGroup>
  <ItemGroup>
    <ClInclude Include="..\..\..\include\airplay\AirplayServer.h">
      <Filter>include</Filter>
    </ClInclude>
    <ClInclude Include="..\..\..\include\airplay\DllLibPlist.h">
      <Filter>include</Filter>
    </ClInclude>
    <ClInclude Include="..\..\..\include\airplay\HttpParser.h">
      <Filter>include</Filter>
    </ClInclude>
    <ClInclude Include="..\..\..\include\airplay\IAirplay.h">
      <Filter>include</Filter>
    </ClInclude>
    <ClInclude Include="..\..\..\include\airplay\Lock.h">
      <Filter>include</Filter>
    </ClInclude>
    <ClInclude Include="..\..\..\include\airplay\Md5.h">
      <Filter>include</Filter>
    </ClInclude>
    <ClInclude Include="..\..\..\include\airplay\Socket.h">
      <Filter>include</Filter>
    </ClInclude>
    <ClInclude Include="..\..\..\include\airplay\ZeroconfWin.h">
      <Filter>include</Filter>
    </ClInclude>
  </ItemGroup>
</Project>